
Microsoft Visual Studio Solution File, Format Version 12.00
# Visual Studio Version 17
VisualStudioVersion = 17.0.32014.148
MinimumVisualStudioVersion = 10.0.40219.1
Project("{FAE04EC0-301F-11D3-BF4B-00C04F79EFBC}") = "FluentResultTests", "FluentResultTests.csproj", "{4441928C-89C1-4AB9-9874-9D0FB10EBCBD}"
EndProject
Global
	GlobalSection(SolutionConfigurationPlatforms) = preSolution
		Debug|Any CPU = Debug|Any CPU
		Release|Any CPU = Release|Any CPU
	EndGlobalSection
	GlobalSection(ProjectConfigurationPlatforms) = postSolution
		{4441928C-89C1-4AB9-9874-9D0FB10EBCBD}.Debug|Any CPU.ActiveCfg = Debug|Any CPU
		{4441928C-89C1-4AB9-9874-9D0FB10EBCBD}.Debug|Any CPU.Build.0 = Debug|Any CPU
		{4441928C-89C1-4AB9-9874-9D0FB10EBCBD}.Release|Any CPU.ActiveCfg = Release|Any CPU
		{4441928C-89C1-4AB9-9874-9D0FB10EBCBD}.Release|Any CPU.Build.0 = Release|Any CPU
	EndGlobalSection
	GlobalSection(SolutionProperties) = preSolution
		HideSolutionNode = FALSE
	EndGlobalSection
	GlobalSection(ExtensibilityGlobals) = postSolution
		SolutionGuid = {A00E495E-6DBB-41C3-B899-A1BAD1120904}
	EndGlobalSection
EndGlobal
